
Microsoft Visual Studio Solution File, Format Version 12.00
# Visual Studio Version 16
VisualStudioVersion = 16.0.810.14
MinimumVisualStudioVersion = 10.0.40219.1
Project("{FAE04EC0-301F-11D3-BF4B-00C04F79EFBC}") = "ChristmasWithTypes", "ChristmasWithTypes.csproj", "{2719E095-FEE3-41F8-A4A9-43448A46233C}"
EndProject
Global
	GlobalSection(SolutionConfigurationPlatforms) = preSolution
		Debug|Any CPU = Debug|Any CPU
		Release|Any CPU = Release|Any CPU
	EndGlobalSection
	GlobalSection(ProjectConfigurationPlatforms) = postSolution
		{2719E095-FEE3-41F8-A4A9-43448A46233C}.Debug|Any CPU.ActiveCfg = Debug|Any CPU
		{2719E095-FEE3-41F8-A4A9-43448A46233C}.Debug|Any CPU.Build.0 = Debug|Any CPU
		{2719E095-FEE3-41F8-A4A9-43448A46233C}.Release|Any CPU.ActiveCfg = Release|Any CPU
		{2719E095-FEE3-41F8-A4A9-43448A46233C}.Release|Any CPU.Build.0 = Release|Any CPU
	EndGlobalSection
	GlobalSection(SolutionProperties) = preSolution
		HideSolutionNode = FALSE
	EndGlobalSection
	GlobalSection(ExtensibilityGlobals) = postSolution
		SolutionGuid = {EF04A9D9-B886-4CCE-AA36-46E88877EA8B}
	EndGlobalSection
EndGlobal
